
Microsoft Visual Studio Solution File, Format Version 12.00
# Visual Studio Version 17
VisualStudioVersion = 17.5.33502.453
MinimumVisualStudioVersion = 10.0.40219.1
Project("{FAE04EC0-301F-11D3-BF4B-00C04F79EFBC}") = "Task_2", "Task_2\Task_2.csproj", "{442C50E5-AC47-40ED-88A9-F4217F98BCD2}"
EndProject
Global
	GlobalSection(SolutionConfigurationPlatforms) = preSolution
		Debug|Any CPU = Debug|Any CPU
		Release|Any CPU = Release|Any CPU
	EndGlobalSection
	GlobalSection(ProjectConfigurationPlatforms) = postSolution
		{442C50E5-AC47-40ED-88A9-F4217F98BCD2}.Debug|Any CPU.ActiveCfg = Debug|Any CPU
		{442C50E5-AC47-40ED-88A9-F4217F98BCD2}.Debug|Any CPU.Build.0 = Debug|Any CPU
		{442C50E5-AC47-40ED-88A9-F4217F98BCD2}.Release|Any CPU.ActiveCfg = Release|Any CPU
		{442C50E5-AC47-40ED-88A9-F4217F98BCD2}.Release|Any CPU.Build.0 = Release|Any CPU
	EndGlobalSection
	GlobalSection(SolutionProperties) = preSolution
		HideSolutionNode = FALSE
	EndGlobalSection
	GlobalSection(ExtensibilityGlobals) = postSolution
		SolutionGuid = {4FCFC191-9C50-44FD-BFC0-34E962DF82C8}
	EndGlobalSection
EndGlobal
